// !$*UTF8*$!
{
	archiveVersion = 1;
	classes = {
	};
	objectVersion = 46;
	objects = {

/* Begin PBXBuildFile section */
		8336FC4C1F4CFD6E00E9B60D /* SCTabBarController.m in Sources */ = {isa = PBXBuildFile; fileRef = 8336FC4B1F4CFD6E00E9B60D /* SCTabBarController.m */; };
		83C6597F1F46980800409F3A /* main.m in Sources */ = {isa = PBXBuildFile; fileRef = 83C6597E1F46980800409F3A /* main.m */; };
		83C659821F46980800409F3A /* AppDelegate.m in Sources */ = {isa = PBXBuildFile; fileRef = 83C659811F46980800409F3A /* AppDelegate.m */; };
		83C6598A1F46980800409F3A /* Assets.xcassets in Resources */ = {isa = PBXBuildFile; fileRef = 83C659891F46980800409F3A /* Assets.xcassets */; };
		83C6598D1F46980800409F3A /* LaunchScreen.storyboard in Resources */ = {isa = PBXBuildFile; fileRef = 83C6598B1F46980800409F3A /* LaunchScreen.storyboard */; };
		83C659981F46980800409F3A /* Social_ProjectTests.m in Sources */ = {isa = PBXBuildFile; fileRef = 83C659971F46980800409F3A /* Social_ProjectTests.m */; };
		83C659A31F46980900409F3A /* Social_ProjectUITests.m in Sources */ = {isa = PBXBuildFile; fileRef = 83C659A21F46980900409F3A /* Social_ProjectUITests.m */; };
		83C659B31F46989800409F3A /* SCPost.m in Sources */ = {isa = PBXBuildFile; fileRef = 83C659B21F46989800409F3A /* SCPost.m */; };
/* End PBXBuildFile section */

/* Begin PBXContainerItemProxy section */
		83C659941F46980800409F3A /* PBXContainerItemProxy */ = {
			isa = PBXContainerItemProxy;
			containerPortal = 83C659721F46980800409F3A /* Project object */;
			proxyType = 1;
			remoteGlobalIDString = 83C659791F46980800409F3A;
			remoteInfo = "Social Project";
		};
		83C6599F1F46980900409F3A /* PBXContainerItemProxy */ = {
			isa = PBXContainerItemProxy;
			containerPortal = 83C659721F46980800409F3A /* Project object */;
			proxyType = 1;
			remoteGlobalIDString = 83C659791F46980800409F3A;
			remoteInfo = "Social Project";
		};
/* End PBXContainerItemProxy section */

/* Begin PBXFileReference section */
		8336FC4A1F4CFD6E00E9B60D /* SCTabBarController.h */ = {isa = PBXFileReference; fileEncoding = 4; lastKnownFileType = sourcecode.c.h; name = SCTabBarController.h; path = ViewController/SCTabBarController.h; sourceTree = "<group>"; };
		8336FC4B1F4CFD6E00E9B60D /* SCTabBarController.m */ = {isa = PBXFileReference; fileEncoding = 4; lastKnownFileType = sourcecode.c.objc; name = SCTabBarController.m; path = ViewController/SCTabBarController.m; sourceTree = "<group>"; };
		83C6597A1F46980800409F3A /* Social Project.app */ = {isa = PBXFileReference; explicitFileType = wrapper.application; includeInIndex = 0; path = "Social Project.app"; sourceTree = BUILT_PRODUCTS_DIR; };
		83C6597E1F46980800409F3A /* main.m */ = {isa = PBXFileReference; lastKnownFileType = sourcecode.c.objc; path = main.m; sourceTree = "<group>"; };
		83C659801F46980800409F3A /* AppDelegate.h */ = {isa = PBXFileReference; lastKnownFileType = sourcecode.c.h; path = AppDelegate.h; sourceTree = "<group>"; };
		83C659811F46980800409F3A /* AppDelegate.m */ = {isa = PBXFileReference; lastKnownFileType = sourcecode.c.objc; path = AppDelegate.m; sourceTree = "<group>"; };
		83C659891F46980800409F3A /* Assets.xcassets */ = {isa = PBXFileReference; lastKnownFileType = folder.assetcatalog; path = Assets.xcassets; sourceTree = "<group>"; };
		83C6598C1F46980800409F3A /* Base */ = {isa = PBXFileReference; lastKnownFileType = file.storyboard; name = Base; path = Base.lproj/LaunchScreen.storyboard; sourceTree = "<group>"; };
		83C6598E1F46980800409F3A /* Info.plist */ = {isa = PBXFileReference; lastKnownFileType = text.plist.xml; path = Info.plist; sourceTree = "<group>"; };
		83C659931F46980800409F3A /* Social ProjectTests.xctest */ = {isa = PBXFileReference; explicitFileType = wrapper.cfbundle; includeInIndex = 0; path = "Social ProjectTests.xctest"; sourceTree = BUILT_PRODUCTS_DIR; };
		83C659971F46980800409F3A /* Social_ProjectTests.m */ = {isa = PBXFileReference; lastKnownFileType = sourcecode.c.objc; path = Social_ProjectTests.m; sourceTree = "<group>"; };
		83C659991F46980800409F3A /* Info.plist */ = {isa = PBXFileReference; lastKnownFileType = text.plist.xml; path = Info.plist; sourceTree = "<group>"; };
		83C6599E1F46980900409F3A /* Social ProjectUITests.xctest */ = {isa = PBXFileReference; explicitFileType = wrapper.cfbundle; includeInIndex = 0; path = "Social ProjectUITests.xctest"; sourceTree = BUILT_PRODUCTS_DIR; };
		83C659A21F46980900409F3A /* Social_ProjectUITests.m */ = {isa = PBXFileReference; lastKnownFileType = sourcecode.c.objc; path = Social_ProjectUITests.m; sourceTree = "<group>"; };
		83C659A41F46980900409F3A /* Info.plist */ = {isa = PBXFileReference; lastKnownFileType = text.plist.xml; path = Info.plist; sourceTree = "<group>"; };
		83C659B11F46989800409F3A /* SCPost.h */ = {isa = PBXFileReference; fileEncoding = 4; lastKnownFileType = sourcecode.c.h; name = SCPost.h; path = Model/SCPost.h; sourceTree = "<group>"; };
		83C659B21F46989800409F3A /* SCPost.m */ = {isa = PBXFileReference; fileEncoding = 4; lastKnownFileType = sourcecode.c.objc; name = SCPost.m; path = Model/SCPost.m; sourceTree = "<group>"; };
/* End PBXFileReference section */

/* Begin PBXFrameworksBuildPhase section */
		83C659771F46980800409F3A /* Frameworks */ = {
			isa = PBXFrameworksBuildPhase;
			buildActionMask = 2147483647;
			files = (
			);
			runOnlyForDeploymentPostprocessing = 0;
		};
		83C659901F46980800409F3A /* Frameworks */ = {
			isa = PBXFrameworksBuildPhase;
			buildActionMask = 2147483647;
			files = (
			);
			runOnlyForDeploymentPostprocessing = 0;
		};
		83C6599B1F46980800409F3A /* Frameworks */ = {
			isa = PBXFrameworksBuildPhase;
			buildActionMask = 2147483647;
			files = (
			);
			runOnlyForDeploymentPostprocessing = 0;
		};
/* End PBXFrameworksBuildPhase section */

/* Begin PBXGroup section */
		8336FC491F4CFCD900E9B60D /* ViewController */ = {
			isa = PBXGroup;
			children = (
				8336FC4A1F4CFD6E00E9B60D /* SCTabBarController.h */,
				8336FC4B1F4CFD6E00E9B60D /* SCTabBarController.m */,
			);
			name = ViewController;
			sourceTree = "<group>";
		};
		83C659711F46980800409F3A = {
			isa = PBXGroup;
			children = (
				83C6597C1F46980800409F3A /* Social Project */,
				83C659961F46980800409F3A /* Social ProjectTests */,
				83C659A11F46980900409F3A /* Social ProjectUITests */,
				83C6597B1F46980800409F3A /* Products */,
			);
			sourceTree = "<group>";
		};
		83C6597B1F46980800409F3A /* Products */ = {
			isa = PBXGroup;
			children = (
				83C6597A1F46980800409F3A /* Social Project.app */,
				83C659931F46980800409F3A /* Social ProjectTests.xctest */,
				83C6599E1F46980900409F3A /* Social ProjectUITests.xctest */,
			);
			name = Products;
			sourceTree = "<group>";
		};
		83C6597C1F46980800409F3A /* Social Project */ = {
			isa = PBXGroup;
			children = (
				8336FC491F4CFCD900E9B60D /* ViewController */,
				83C659B01F46981400409F3A /* Model */,
				83C659801F46980800409F3A /* AppDelegate.h */,
				83C659811F46980800409F3A /* AppDelegate.m */,
				83C659891F46980800409F3A /* Assets.xcassets */,
				83C6598B1F46980800409F3A /* LaunchScreen.storyboard */,
				83C6598E1F46980800409F3A /* Info.plist */,
				83C6597D1F46980800409F3A /* Supporting Files */,
			);
			path = "Social Project";
			sourceTree = "<group>";
		};
		83C6597D1F46980800409F3A /* Supporting Files */ = {
			isa = PBXGroup;
			children = (
				83C6597E1F46980800409F3A /* main.m */,
			);
			name = "Supporting Files";
			sourceTree = "<group>";
		};
		83C659961F46980800409F3A /* Social ProjectTests */ = {
			isa = PBXGroup;
			children = (
				83C659971F46980800409F3A /* Social_ProjectTests.m */,
				83C659991F46980800409F3A /* Info.plist */,
			);
			path = "Social ProjectTests";
			sourceTree = "<group>";
		};
		83C659A11F46980900409F3A /* Social ProjectUITests */ = {
			isa = PBXGroup;
			children = (
				83C659A21F46980900409F3A /* Social_ProjectUITests.m */,
				83C659A41F46980900409F3A /* Info.plist */,
			);
			path = "Social ProjectUITests";
			sourceTree = "<group>";
		};
		83C659B01F46981400409F3A /* Model */ = {
			isa = PBXGroup;
			children = (
				83C659B11F46989800409F3A /* SCPost.h */,
				83C659B21F46989800409F3A /* SCPost.m */,
			);
			name = Model;
			sourceTree = "<group>";
		};
/* End PBXGroup section */

/* Begin PBXNativeTarget section */
		83C659791F46980800409F3A /* Social Project */ = {
			isa = PBXNativeTarget;
			buildConfigurationList = 83C659A71F46980900409F3A /* Build configuration list for PBXNativeTarget "Social Project" */;
			buildPhases = (
				83C659761F46980800409F3A /* Sources */,
				83C659771F46980800409F3A /* Frameworks */,
				83C659781F46980800409F3A /* Resources */,
			);
			buildRules = (
			);
			dependencies = (
			);
			name = "Social Project";
			productName = "Social Project";
			productReference = 83C6597A1F46980800409F3A /* Social Project.app */;
			productType = "com.apple.product-type.application";
		};
		83C659921F46980800409F3A /* Social ProjectTests */ = {
			isa = PBXNativeTarget;
			buildConfigurationList = 83C659AA1F46980900409F3A /* Build configuration list for PBXNativeTarget "Social ProjectTests" */;
			buildPhases = (
				83C6598F1F46980800409F3A /* Sources */,
				83C659901F46980800409F3A /* Frameworks */,
				83C659911F46980800409F3A /* Resources */,
			);
			buildRules = (
			);
			dependencies = (
				83C659951F46980800409F3A /* PBXTargetDependency */,
			);
			name = "Social ProjectTests";
			productName = "Social ProjectTests";
			productReference = 83C659931F46980800409F3A /* Social ProjectTests.xctest */;
			productType = "com.apple.product-type.bundle.unit-test";
		};
		83C6599D1F46980800409F3A /* Social ProjectUITests */ = {
			isa = PBXNativeTarget;
			buildConfigurationList = 83C659AD1F46980900409F3A /* Build configuration list for PBXNativeTarget "Social ProjectUITests" */;
			buildPhases = (
				83C6599A1F46980800409F3A /* Sources */,
				83C6599B1F46980800409F3A /* Frameworks */,
				83C6599C1F46980800409F3A /* Resources */,
			);
			buildRules = (
			);
			dependencies = (
				83C659A01F46980900409F3A /* PBXTargetDependency */,
			);
			name = "Social ProjectUITests";
			productName = "Social ProjectUITests";
			productReference = 83C6599E1F46980900409F3A /* Social ProjectUITests.xctest */;
			productType = "com.apple.product-type.bundle.ui-testing";
		};
/* End PBXNativeTarget section */

/* Begin PBXProject section */
		83C659721F46980800409F3A /* Project object */ = {
			isa = PBXProject;
			attributes = {
				LastUpgradeCheck = 0830;
				ORGANIZATIONNAME = "YONGQING ZHENG";
				TargetAttributes = {
					83C659791F46980800409F3A = {
						CreatedOnToolsVersion = 8.3.3;
						DevelopmentTeam = A4T6FYCCPD;
						ProvisioningStyle = Automatic;
					};
					83C659921F46980800409F3A = {
						CreatedOnToolsVersion = 8.3.3;
						DevelopmentTeam = A4T6FYCCPD;
						ProvisioningStyle = Automatic;
						TestTargetID = 83C659791F46980800409F3A;
					};
					83C6599D1F46980800409F3A = {
						CreatedOnToolsVersion = 8.3.3;
						DevelopmentTeam = A4T6FYCCPD;
						ProvisioningStyle = Automatic;
						TestTargetID = 83C659791F46980800409F3A;
					};
				};
			};
			buildConfigurationList = 83C659751F46980800409F3A /* Build configuration list for PBXProject "Social Project" */;
			compatibilityVersion = "Xcode 3.2";
			developmentRegion = English;
			hasScannedForEncodings = 0;
			knownRegions = (
				en,
				Base,
			);
			mainGroup = 83C659711F46980800409F3A;
			productRefGroup = 83C6597B1F46980800409F3A /* Products */;
			projectDirPath = "";
			projectRoot = "";
			targets = (
				83C659791F46980800409F3A /* Social Project */,
				83C659921F46980800409F3A /* Social ProjectTests */,
				83C6599D1F46980800409F3A /* Social ProjectUITests */,
			);
		};
/* End PBXProject section */

/* Begin PBXResourcesBuildPhase section */
		83C659781F46980800409F3A /* Resources */ = {
			isa = PBXResourcesBuildPhase;
			buildActionMask = 2147483647;
			files = (
				83C6598D1F46980800409F3A /* LaunchScreen.storyboard in Resources */,
				83C6598A1F46980800409F3A /* Assets.xcassets in Resources */,
			);
			runOnlyForDeploymentPostprocessing = 0;
		};
		83C659911F46980800409F3A /* Resources */ = {
			isa = PBXResourcesBuildPhase;
			buildActionMask = 2147483647;
			files = (
			);
			runOnlyForDeploymentPostprocessing = 0;
		};
		83C6599C1F46980800409F3A /* Resources */ = {
			isa = PBXResourcesBuildPhase;
			buildActionMask = 2147483647;
			files = (
			);
			runOnlyForDeploymentPostprocessing = 0;
		};
/* End PBXResourcesBuildPhase section */

/* Begin PBXSourcesBuildPhase section */
		83C659761F46980800409F3A /* Sources */ = {
			isa = PBXSourcesBuildPhase;
			buildActionMask = 2147483647;
			files = (
				83C659821F46980800409F3A /* AppDelegate.m in Sources */,
				8336FC4C1F4CFD6E00E9B60D /* SCTabBarController.m in Sources */,
				83C6597F1F46980800409F3A /* main.m in Sources */,
				83C659B31F46989800409F3A /* SCPost.m in Sources */,
			);
			runOnlyForDeploymentPostprocessing = 0;
		};
		83C6598F1F46980800409F3A /* Sources */ = {
			isa = PBXSourcesBuildPhase;
			buildActionMask = 2147483647;
			files = (
				83C659981F46980800409F3A /* Social_ProjectTests.m in Sources */,
			);
			runOnlyForDeploymentPostprocessing = 0;
		};
		83C6599A1F46980800409F3A /* Sources */ = {
			isa = PBXSourcesBuildPhase;
			buildActionMask = 2147483647;
			files = (
				83C659A31F46980900409F3A /* Social_ProjectUITests.m in Sources */,
			);
			runOnlyForDeploymentPostprocessing = 0;
		};
/* End PBXSourcesBuildPhase section */

/* Begin PBXTargetDependency section */
		83C659951F46980800409F3A /* PBXTargetDependency */ = {
			isa = PBXTargetDependency;
			target = 83C659791F46980800409F3A /* Social Project */;
			targetProxy = 83C659941F46980800409F3A /* PBXContainerItemProxy */;
		};
		83C659A01F46980900409F3A /* PBXTargetDependency */ = {
			isa = PBXTargetDependency;
			target = 83C659791F46980800409F3A /* Social Project */;
			targetProxy = 83C6599F1F46980900409F3A /* PBXContainerItemProxy */;
		};
/* End PBXTargetDependency section */

/* Begin PBXVariantGroup section */
		83C6598B1F46980800409F3A /* LaunchScreen.storyboard */ = {
			isa = PBXVariantGroup;
			children = (
				83C6598C1F46980800409F3A /* Base */,
			);
			name = LaunchScreen.storyboard;
			sourceTree = "<group>";
		};
/* End PBXVariantGroup section */

/* Begin XCBuildConfiguration section */
		83C659A51F46980900409F3A /* Debug */ = {
			isa = XCBuildConfiguration;
			buildSettings = {
				ALWAYS_SEARCH_USER_PATHS = NO;
				CLANG_ANALYZER_NONNULL = YES;
				CLANG_ANALYZER_NUMBER_OBJECT_CONVERSION = YES_AGGRESSIVE;
				CLANG_CXX_LANGUAGE_STANDARD = "gnu++0x";
				CLANG_CXX_LIBRARY = "libc++";
				CLANG_ENABLE_MODULES = YES;
				CLANG_ENABLE_OBJC_ARC = YES;
				CLANG_WARN_BOOL_CONVERSION = YES;
				CLANG_WARN_CONSTANT_CONVERSION = YES;
				CLANG_WARN_DIRECT_OBJC_ISA_USAGE = YES_ERROR;
				CLANG_WARN_DOCUMENTATION_COMMENTS = YES;
				CLANG_WARN_EMPTY_BODY = YES;
				CLANG_WARN_ENUM_CONVERSION = YES;
				CLANG_WARN_INFINITE_RECURSION = YES;
				CLANG_WARN_INT_CONVERSION = YES;
				CLANG_WARN_OBJC_ROOT_CLASS = YES_ERROR;
				CLANG_WARN_SUSPICIOUS_MOVE = YES;
				CLANG_WARN_UNREACHABLE_CODE = YES;
				CLANG_WARN__DUPLICATE_METHOD_MATCH = YES;
				"CODE_SIGN_IDENTITY[sdk=iphoneos*]" = "iPhone Developer";
				COPY_PHASE_STRIP = NO;
				DEBUG_INFORMATION_FORMAT = dwarf;
				ENABLE_STRICT_OBJC_MSGSEND = YES;
				ENABLE_TESTABILITY = YES;
				GCC_C_LANGUAGE_STANDARD = gnu99;
				GCC_DYNAMIC_NO_PIC = NO;
				GCC_NO_COMMON_BLOCKS = YES;
				GCC_OPTIMIZATION_LEVEL = 0;
				GCC_PREPROCESSOR_DEFINITIONS = (
					"DEBUG=1",
					"$(inherited)",
				);
				GCC_WARN_64_TO_32_BIT_CONVERSION = YES;
				GCC_WARN_ABOUT_RETURN_TYPE = YES_ERROR;
				GCC_WARN_UNDECLARED_SELECTOR = YES;
				GCC_WARN_UNINITIALIZED_AUTOS = YES_AGGRESSIVE;
				GCC_WARN_UNUSED_FUNCTION = YES;
				GCC_WARN_UNUSED_VARIABLE = YES;
				IPHONEOS_DEPLOYMENT_TARGET = 10.3;
				MTL_ENABLE_DEBUG_INFO = YES;
				ONLY_ACTIVE_ARCH = YES;
				SDKROOT = iphoneos;
				TARGETED_DEVICE_FAMILY = "1,2";
			};
			name = Debug;
		};
		83C659A61F46980900409F3A /* Release */ = {
			isa = XCBuildConfiguration;
			buildSettings = {
				ALWAYS_SEARCH_USER_PATHS = NO;
				CLANG_ANALYZER_NONNULL = YES;
				CLANG_ANALYZER_NUMBER_OBJECT_CONVERSION = YES_AGGRESSIVE;
				CLANG_CXX_LANGUAGE_STANDARD = "gnu++0x";
				CLANG_CXX_LIBRARY = "libc++";
				CLANG_ENABLE_MODULES = YES;
				CLANG_ENABLE_OBJC_ARC = YES;
				CLANG_WARN_BOOL_CONVERSION = YES;
				CLANG_WARN_CONSTANT_CONVERSION = YES;
				CLANG_WARN_DIRECT_OBJC_ISA_USAGE = YES_ERROR;
				CLANG_WARN_DOCUMENTATION_COMMENTS = YES;
				CLANG_WARN_EMPTY_BODY = YES;
				CLANG_WARN_ENUM_CONVERSION = YES;
				CLANG_WARN_INFINITE_RECURSION = YES;
				CLANG_WARN_INT_CONVERSION = YES;
				CLANG_WARN_OBJC_ROOT_CLASS = YES_ERROR;
				CLANG_WARN_SUSPICIOUS_MOVE = YES;
				CLANG_WARN_UNREACHABLE_CODE = YES;
				CLANG_WARN__DUPLICATE_METHOD_MATCH = YES;
				"CODE_SIGN_IDENTITY[sdk=iphoneos*]" = "iPhone Developer";
				COPY_PHASE_STRIP = NO;
				DEBUG_INFORMATION_FORMAT = "dwarf-with-dsym";
				ENABLE_NS_ASSERTIONS = NO;
				ENABLE_STRICT_OBJC_MSGSEND = YES;
				GCC_C_LANGUAGE_STANDARD = gnu99;
				GCC_NO_COMMON_BLOCKS = YES;
				GCC_WARN_64_TO_32_BIT_CONVERSION = YES;
				GCC_WARN_ABOUT_RETURN_TYPE = YES_ERROR;
				GCC_WARN_UNDECLARED_SELECTOR = YES;
				GCC_WARN_UNINITIALIZED_AUTOS = YES_AGGRESSIVE;
				GCC_WARN_UNUSED_FUNCTION = YES;
				GCC_WARN_UNUSED_VARIABLE = YES;
				IPHONEOS_DEPLOYMENT_TARGET = 10.3;
				MTL_ENABLE_DEBUG_INFO = NO;
				SDKROOT = iphoneos;
				TARGETED_DEVICE_FAMILY = "1,2";
				VALIDATE_PRODUCT = YES;
			};
			name = Release;
		};
		83C659A81F46980900409F3A /* Debug */ = {
			isa = XCBuildConfiguration;
			buildSettings = {
				ASSETCATALOG_COMPILER_APPICON_NAME = AppIcon;
				DEVELOPMENT_TEAM = A4T6FYCCPD;
				INFOPLIST_FILE = "Social Project/Info.plist";
				LD_RUNPATH_SEARCH_PATHS = "$(inherited) @executable_path/Frameworks";
				PRODUCT_BUNDLE_IDENTIFIER = "zyq.Social-Project";
				PRODUCT_NAME = "$(TARGET_NAME)";
			};
			name = Debug;
		};
		83C659A91F46980900409F3A /* Release */ = {
			isa = XCBuildConfiguration;
			buildSettings = {
				ASSETCATALOG_COMPILER_APPICON_NAME = AppIcon;
				DEVELOPMENT_TEAM = A4T6FYCCPD;
				INFOPLIST_FILE = "Social Project/Info.plist";
				LD_RUNPATH_SEARCH_PATHS = "$(inherited) @executable_path/Frameworks";
				PRODUCT_BUNDLE_IDENTIFIER = "zyq.Social-Project";
				PRODUCT_NAME = "$(TARGET_NAME)";
			};
			name = Release;
		};
		83C659AB1F46980900409F3A /* Debug */ = {
			isa = XCBuildConfiguration;
			buildSettings = {
				BUNDLE_LOADER = "$(TEST_HOST)";
				DEVELOPMENT_TEAM = A4T6FYCCPD;
				INFOPLIST_FILE = "Social ProjectTests/Info.plist";
				LD_RUNPATH_SEARCH_PATHS = "$(inherited) @executable_path/Frameworks @loader_path/Frameworks";
				PRODUCT_BUNDLE_IDENTIFIER = "zyq.Social-ProjectTests";
				PRODUCT_NAME = "$(TARGET_NAME)";
				TEST_HOST = "$(BUILT_PRODUCTS_DIR)/Social Project.app/Social Project";
			};
			name = Debug;
		};
		83C659AC1F46980900409F3A /* Release */ = {
			isa = XCBuildConfiguration;
			buildSettings = {
				BUNDLE_LOADER = "$(TEST_HOST)";
				DEVELOPMENT_TEAM = A4T6FYCCPD;
				INFOPLIST_FILE = "Social ProjectTests/Info.plist";
				LD_RUNPATH_SEARCH_PATHS = "$(inherited) @executable_path/Frameworks @loader_path/Frameworks";
				PRODUCT_BUNDLE_IDENTIFIER = "zyq.Social-ProjectTests";
				PRODUCT_NAME = "$(TARGET_NAME)";
				TEST_HOST = "$(BUILT_PRODUCTS_DIR)/Social Project.app/Social Project";
			};
			name = Release;
		};
		83C659AE1F46980900409F3A /* Debug */ = {
			isa = XCBuildConfiguration;
			buildSettings = {
				DEVELOPMENT_TEAM = A4T6FYCCPD;
				INFOPLIST_FILE = "Social ProjectUITests/Info.plist";
				LD_RUNPATH_SEARCH_PATHS = "$(inherited) @executable_path/Frameworks @loader_path/Frameworks";
				PRODUCT_BUNDLE_IDENTIFIER = "zyq.Social-ProjectUITests";
				PRODUCT_NAME = "$(TARGET_NAME)";
				TEST_TARGET_NAME = "Social Project";
			};
			name = Debug;
		};
		83C659AF1F46980900409F3A /* Release */ = {
			isa = XCBuildConfiguration;
			buildSettings = {
				DEVELOPMENT_TEAM = A4T6FYCCPD;
				INFOPLIST_FILE = "Social ProjectUITests/Info.plist";
				LD_RUNPATH_SEARCH_PATHS = "$(inherited) @executable_path/Frameworks @loader_path/Frameworks";
				PRODUCT_BUNDLE_IDENTIFIER = "zyq.Social-ProjectUITests";
				PRODUCT_NAME = "$(TARGET_NAME)";
				TEST_TARGET_NAME = "Social Project";
			};
			name = Release;
		};
/* End XCBuildConfiguration section */

/* Begin XCConfigurationList section */
		83C659751F46980800409F3A /* Build configuration list for PBXProject "Social Project" */ = {
			isa = XCConfigurationList;
			buildConfigurations = (
				83C659A51F46980900409F3A /* Debug */,
				83C659A61F46980900409F3A /* Release */,
			);
			defaultConfigurationIsVisible = 0;
			defaultConfigurationName = Release;
		};
		83C659A71F46980900409F3A /* Build configuration list for PBXNativeTarget "Social Project" */ = {
			isa = XCConfigurationList;
			buildConfigurations = (
				83C659A81F46980900409F3A /* Debug */,
				83C659A91F46980900409F3A /* Release */,
			);
			defaultConfigurationIsVisible = 0;
			defaultConfigurationName = Release;
		};
		83C659AA1F46980900409F3A /* Build configuration list for PBXNativeTarget "Social ProjectTests" */ = {
			isa = XCConfigurationList;
			buildConfigurations = (
				83C659AB1F46980900409F3A /* Debug */,
				83C659AC1F46980900409F3A /* Release */,
			);
			defaultConfigurationIsVisible = 0;
			defaultConfigurationName = Release;
		};
		83C659AD1F46980900409F3A /* Build configuration list for PBXNativeTarget "Social ProjectUITests" */ = {
			isa = XCConfigurationList;
			buildConfigurations = (
				83C659AE1F46980900409F3A /* Debug */,
				83C659AF1F46980900409F3A /* Release */,
			);
			defaultConfigurationIsVisible = 0;
			defaultConfigurationName = Release;
		};
/* End XCConfigurationList section */
	};
	rootObject = 83C659721F46980800409F3A /* Project object */;
}
